version = 1
revision = 3
requires-python = ">=3.14"

[[package]]
name = "asgi-app"
version = "0.1.0"
source = { virtual = "." }
dependencies = [
    { name = "gunicorn" },
    { name = "hypercorn" },
    { name = "uvicorn" },
    { name = "websockets" },
]

[package.dev-dependencies]
dev = [
    { name = "ruff" },
]

[package.metadata]
requires-dist = [
    { name = "gunicorn", specifier = ">=26.0.0" },
    { name = "hypercorn", specifier = ">=0.18.0" },
    { name = "uvicorn", specifier = ">=0.52.1" },
    { name = "websockets", specifier = ">=17.0.1" },
]

[package.metadata.requires-dev]
dev = [{ name = "ruff", specifier = ">=0.16.1" }]

[[package]]
name = "click"
version = "8.4.2"
source = { registry = "https://pypi.org/simple" }
dependencies = [
    { name = "colorama", marker = "sys_platform == 'win32'" },
]
sdist = { url = "https://files.pythonhosted.org/packages/76/d4/81420972a676e8ffea40450d8c8c92943e7218a78fe9b64359836cc9876b/click-8.4.2.tar.gz", hash = "sha256:9a6cea6e60b17ebe0a44c5cc636d94f09bd66142c1cd7d8b4cd731c4917a15f6", size = 338000, upload-time = "2026-06-24T17:45:15.148Z" }
wheels = [
    { url = "https://files.pythonhosted.org/packages/fb/e2/79c688af8b210d232694e31e59da9f6ec747bae31c3f5946e4e9b98860d5/click-8.4.2-py3-none-any.whl", hash = "sha256:e6f9f66136c816745b9d65817da91d61d957fb16e02e4dcd0552553c5a197b76", size = 119243, upload-time = "2026-06-24T17:45:13.73Z" },
]

[[package]]
name = "colorama"
version = "0.4.6"
source = { registry = "https://pypi.org/simple" }
sdist = { url = "https://files.pythonhosted.org/packages/d8/53/6f443c9a4a8358a93a6792e2acffb9d9d5cb0a5cfd8802644b7b1c9a02e4/colorama-0.4.6.tar.gz", hash = "sha256:08695f5cb7ed6e0531a20572697297273c47b8cae5a63ffc6d6ed5c201be6e44", size = 27697, upload-time = "2022-10-25T02:36:22.414Z" }
wheels = [
    { url = "https://files.pythonhosted.org/packages/d1/d6/3965ed04c63042e047cb6a3e6ed1a63a35087b6a609aa3a15ed8ac56c221/colorama-0.4.6-py2.py3-none-any.whl", hash = "sha256:4f1d9991f5acc0ca119f9d443620b77f9d6b33703e51011c16baf57afb285fc6", size = 25335, upload-time = "2022-10-25T02:36:20.889Z" },
]

[[package]]
name = "gunicorn"
version = "26.0.0"
source = { registry = "https://pypi.org/simple" }
dependencies = [
    { name = "packaging" },
]
sdist = { url = "https://files.pythonhosted.org/packages/6d/b7/a4a3f632f823e432ce6bc65f62961b7980c898c77f075a2f7118cb3846fe/gunicorn-26.0.0.tar.gz", hash = "sha256:ca9346f85e3a4aeeb64d491045c16b9a35647abd37ea15efe53080eb8b090baf", size = 727286, upload-time = "2026-05-05T06:38:25.529Z" }
wheels = [
    { url = "https://files.pythonhosted.org/packages/e6/40/9c2384fc2be4ad25dd4a49decd5ad9ea5a3639814c11bd40ab77cb9f0a14/gunicorn-26.0.0-py3-none-any.whl", hash = "sha256:40233d26a5f0d1872916188c276e21641155111c2853f0c2cd55260aec0d24fc", size = 212009, upload-time = "2026-05-05T06:38:23.007Z" },
]

[[package]]
name = "h11"
version = "0.16.0"
source = { registry = "https://pypi.org/simple" }
sdist = { url = "https://files.pythonhosted.org/packages/01/ee/02a2c011bdab74c6fb3c75474d40b3052059d95df7e73351460c8588d963/h11-0.16.0.tar.gz", hash = "sha256:4e35b956cf45792e4caa5885e69fba00bdbc6ffafbfa020300e549b208ee5ff1", size = 101250, upload-time = "2025-04-24T03:35:25.427Z" }
wheels = [
    { url = "https://files.pythonhosted.org/packages/04/4b/29cac41a4d98d144bf5f6d33995617b185d14b22401f75ca86f384e87ff1/h11-0.16.0-py3-none-any.whl", hash = "sha256:63cf8bbe7522de3bf65932fda1d9c2772064ffb3dae62d55932da54b31cb6c86", size = 37515, upload-time = "2025-04-24T03:35:24.344Z" },
]

[[package]]
name = "h2"
version = "4.4.1"
source = { registry = "https://pypi.org/simple" }
dependencies = [
    { name = "hpack" },
    { name = "hyperframe" },
]
sdist = { url = "https://files.pythonhosted.org/packages/e7/85/7c366e69d84c17bb778fe41419e1fbcce3033d5b7ce29bbffff0a98b859f/h2-4.4.1.tar.gz", hash = "sha256:4e866ffb1a869ae14dd9b5e6beb5c24a13da0495ad72b65925ded182521c1516", size = 2157281, upload-time = "2026-08-03T11:45:09.509Z" }
wheels = [
    { url = "https://files.pythonhosted.org/packages/7e/22/e85faf23bd72a92d1921e37d674ca56eb298a3c8be31fdecef0ff2b3aaac/h2-4.4.1-py3-none-any.whl", hash = "sha256:0e25f1462b23c9cb82d9eb02e28bc706dac2a68cb457c6a0d74d63c8a2a5d0e6", size = 62636, upload-time = "2026-08-03T11:44:59.164Z" },
]

[[package]]
name = "hpack"
version = "4.2.0"
source = { registry = "https://pypi.org/simple" }
sdist = { url = "https://files.pythonhosted.org/packages/26/5b/fcabf6028144a8723726318b07a32c2f3314acdff6265743cf08a344b18e/hpack-4.2.0.tar.gz", hash = "sha256:0895cfa3b5531fc65fe439c05eb65144f123bf7a394fcaa56aa423548d8e45c0", size = 51300, upload-time = "2026-06-23T18:34:46.667Z" }
wheels = [
    { url = "https://files.pythonhosted.org/packages/71/b4/4a9fcfb2aef6ba44d9073ecd301443aa00b3dac95de5619f2a7de7ec8a91/hpack-4.2.0-py3-none-any.whl", hash = "sha256:858ac0b02280fa582b5080d68db0899c62a80375e0e5413a74970c5e518b6986", size = 34246, upload-time = "2026-06-23T18:34:45.472Z" },
]

[[package]]
name = "hypercorn"
version = "0.18.0"
source = { registry = "https://pypi.org/simple" }
dependencies = [
    { name = "h11" },
    { name = "h2" },
    { name = "priority" },
    { name = "wsproto" },
]
sdist = { url = "https://files.pythonhosted.org/packages/44/01/39f41a014b83dd5c795217362f2ca9071cf243e6a75bdcd6cd5b944658cc/hypercorn-0.18.0.tar.gz", hash = "sha256:d63267548939c46b0247dc8e5b45a9947590e35e64ee73a23c074aa3cf88e9da", size = 68420, upload-time = "2025-11-08T13:54:04.78Z" }
wheels = [
    { url = "https://files.pythonhosted.org/packages/93/35/850277d1b17b206bd10874c8a9a3f52e059452fb49bb0d22cbb908f6038b/hypercorn-0.18.0-py3-none-any.whl", hash = "sha256:225e268f2c1c2f28f6d8f6db8f40cb8c992963610c5725e13ccfcddccb24b1cd", size = 61640, upload-time = "2025-11-08T13:54:03.202Z" },
]

[[package]]
name = "hyperframe"
version = "6.1.0"
source = { registry = "https://pypi.org/simple" }
sdist = { url = "https://files.pythonhosted.org/packages/02/e7/94f8232d4a74cc99514c13a9f995811485a6903d48e5d952771ef6322e30/hyperframe-6.1.0.tar.gz", hash = "sha256:f630908a00854a7adeabd6382b43923a4c4cd4b821fcb527e6ab9e15382a3b08", size = 26566, upload-time = "2025-01-22T21:41:49.302Z" }
wheels = [
    { url = "https://files.pythonhosted.org/packages/48/30/47d0bf6072f7252e6521f3447ccfa40b421b6824517f82854703d0f5a98b/hyperframe-6.1.0-py3-none-any.whl", hash = "sha256:b03380493a519fce58ea5af42e4a42317bf9bd425596f7a0835ffce80f1a42e5", size = 13007, upload-time = "2025-01-22T21:41:47.295Z" },
]

[[package]]
name = "packaging"
version = "26.3"
source = { registry = "https://pypi.org/simple" }
sdist = { url = "https://files.pythonhosted.org/packages/7d/fa/3944b40b07da9ce895c0e6303a5ab7d53da063554f534556b134a54d6093/packaging-26.3.tar.gz", hash = "sha256:94edc256424af38762eb31306eed28beb9f0efc50a8837492c9d6fd6004aed79", size = 313412, upload-time = "2026-08-04T18:15:28.737Z" }
wheels = [
    { url = "https://files.pythonhosted.org/packages/63/34/ba1c580383c9eada3711951fef0795c80b829a078d72188184bcab9dd527/packaging-26.3-py3-none-any.whl", hash = "sha256:d7193f7c8e4e93f444fde0262bf90af30e16fa0ad0ad44cb553c87339b23cd1c", size = 129956, upload-time = "2026-08-04T18:15:27.159Z" },
]

[[package]]
name = "priority"
version = "2.0.0"
source = { registry = "https://pypi.org/simple" }
sdist = { url = "https://files.pythonhosted.org/packages/f5/3c/eb7c35f4dcede96fca1842dac5f4f5d15511aa4b52f3a961219e68ae9204/priority-2.0.0.tar.gz", hash = "sha256:c965d54f1b8d0d0b19479db3924c7c36cf672dbf2aec92d43fbdaf4492ba18c0", size = 24792, upload-time = "2021-06-27T10:15:05.487Z" }
wheels = [
    { url = "https://files.pythonhosted.org/packages/5e/5f/82c8074f7e84978129347c2c6ec8b6c59f3584ff1a20bc3c940a3e061790/priority-2.0.0-py3-none-any.whl", hash = "sha256:6f8eefce5f3ad59baf2c080a664037bb4725cd0a790d53d59ab4059288faf6aa", size = 8946, upload-time = "2021-06-27T10:15:03.856Z" },
]

[[package]]
name = "ruff"
version = "0.16.1"
source = { registry = "https://pypi.org/simple" }
sdist = { url = "https://files.pythonhosted.org/packages/70/25/7113f6d5498888c5fb7db34081cba7d5971c4cb1bfb26819966eee68f003/ruff-0.16.1.tar.gz", hash = "sha256:fedad7c801dabd3fb9741d76aca39246e6ddd9ca446a015875207bf19f1e6bc7", size = 4877500, upload-time = "2026-07-30T19:37:01.379Z" }
wheels = [
    { url = "https://files.pythonhosted.org/packages/1b/bd/694da69368e0973de65df2ddc73ab18d43c469d5963d9b150911de6bc513/ruff-0.16.1-py3-none-linux_armv6l.whl", hash = "sha256:58edb313b88f0c5460a26adf5f39a37a3be789494a15e3e411e35fa78b89f9a0", size = 10839126, upload-time = "2026-07-30T19:36:13.697Z" },
    { url = "https://files.pythonhosted.org/packages/3f/f0/b626e5d5bd0dd9576263658ef12885e2288afd1029a48e26ffed65ec1ac1/ruff-0.16.1-py3-none-macosx_10_12_x86_64.whl", hash = "sha256:fde5a99e2f97479af66edd6622c6d5a2a7592c77cf4153d9e4428f5eeb55b60c", size = 11070253, upload-time = "2026-07-30T19:36:17.14Z" },
    { url = "https://files.pythonhosted.org/packages/83/63/f40acfb6b35b88623e71684942b552c3edd96035f5d98f313815f7b277de/ruff-0.16.1-py3-none-macosx_11_0_arm64.whl", hash = "sha256:e0d4c20532fca4f7fa609369161d968dd28f65d83dabbd61d8e9c7edbf7001f6", size = 10561425, upload-time = "2026-07-30T19:36:20.04Z" },
    { url = "https://files.pythonhosted.org/packages/aa/dd/14ec0e9c2b4d315547dd38765004b4863e354e1b52cb308272215d9f6f6d/ruff-0.16.1-py3-none-manylinux_2_17_aarch64.manylinux2014_aarch64.whl", hash = "sha256:30affbcedf59ad5703d9c91f82266e02b47739f797e1a7b6e158e5526a6dae38", size = 10948879, upload-time = "2026-07-30T19:36:22.476Z" },
    { url = "https://files.pythonhosted.org/packages/33/e9/9d870cbae575030fdef595f04b4b97573c525b5497cce4f4498cf2f85446/ruff-0.16.1-py3-none-manylinux_2_17_armv7l.manylinux2014_armv7l.whl", hash = "sha256:24e9c631573cbca9d20f1283f8f479b2afa4a8503504822bd71a293889f16743", size = 10643691, upload-time = "2026-07-30T19:36:24.914Z" },
    { url = "https://files.pythonhosted.org/packages/c4/09/12743d544e2173f53ecd27217c65f90d2bc0f8424a66a60339e56bbc0457/ruff-0.16.1-py3-none-manylinux_2_17_i686.manylinux2014_i686.whl", hash = "sha256:b41bdd48fb420987a9b5212e4957c26ad4abce401fa9ea9d4d85843727945f4f", size = 11435354, upload-time = "2026-07-30T19:36:28.447Z" },
    { url = "https://files.pythonhosted.org/packages/7f/89/a1652b2daee52083c9554a6333b678a8b01d0400f976827bb87857f9449a/ruff-0.16.1-py3-none-manylinux_2_17_ppc64le.manylinux2014_ppc64le.whl", hash = "sha256:b0d1e1393b7648079e13669de1c1f4fde06d4583e84d8fd5c1551e0a77a2aa75", size = 12259033, upload-time = "2026-07-30T19:36:31.326Z" },
    { url = "https://files.pythonhosted.org/packages/16/96/ecdcb8c54ee7b123b487f807eb014e6e019155a0b81dfb669acd52f28ce3/ruff-0.16.1-py3-none-manylinux_2_17_s390x.manylinux2014_s390x.whl", hash = "sha256:07bf434b1c95f4e093be4532068ef4fcf00924eb2ade8796075980902d6fd54a", size = 11667981, upload-time = "2026-07-30T19:36:34.394Z" },
    { url = "https://files.pythonhosted.org/packages/cd/90/c52e12e0d862e9572f2a33aa227409143520abe53111e9a6babbac7b4af8/ruff-0.16.1-py3-none-manylinux_2_17_x86_64.manylinux2014_x86_64.whl", hash = "sha256:39897739f112253ee4fdd2e8aa9a4f9ded99fb2be367d5f31dfa4ded6025584c", size = 11468183, upload-time = "2026-07-30T19:36:37.339Z" },
    { url = "https://files.pythonhosted.org/packages/2c/6b/4ffb7ad1d83eb16cf8cbb3c8815d3f11c88460fd162d4b372a2059be1c2a/ruff-0.16.1-py3-none-manylinux_2_31_riscv64.whl", hash = "sha256:82ae3c0c0d74daf17b968a10b7b3bb3ef297ab7de0c1f749646b25e690ccb150", size = 11470071, upload-time = "2026-07-30T19:36:39.91Z" },
    { url = "https://files.pythonhosted.org/packages/9c/72/32ae7db4c0b5e32ab611787caa19d1546800676d79f7483b7100a3561bf4/ruff-0.16.1-py3-none-musllinux_1_2_aarch64.whl", hash = "sha256:4d5f2ed10f8242d83fc08d521301089364e3375375705356f20c0e31606ef3ef", size = 10919503, upload-time = "2026-07-30T19:36:42.65Z" },
    { url = "https://files.pythonhosted.org/packages/f7/ca/3d901ba6ad6fc38da39c3448fc6c59ac945679293a17c3ceb6d6c1cba13e/ruff-0.16.1-py3-none-musllinux_1_2_armv7l.whl", hash = "sha256:a4665b309891f83f3e3c25447935f1213e9abbd4b5640af7a1f2def9f8d413c1", size = 10649861, upload-time = "2026-07-30T19:36:45.18Z" },
    { url = "https://files.pythonhosted.org/packages/92/79/894ef1ced26552d5f8c9cf6d85b0687840e1128c55aeab7b9c2d54a0d880/ruff-0.16.1-py3-none-musllinux_1_2_i686.whl", hash = "sha256:26e9ca5c9bc3971f20d3cf18a957f52ffd6a5f6564ff15c4912a144dcac22494", size = 11148137, upload-time = "2026-07-30T19:36:47.936Z" },
    { url = "https://files.pythonhosted.org/packages/2d/69/3609a09fa1cb46cc28b762363e440a354204e5dff01bd0c8d7437874d6b9/ruff-0.16.1-py3-none-musllinux_1_2_x86_64.whl", hash = "sha256:67e1e1e3fa4f0c82f0e36d4cd61e661f6e7a6196cb1aa92fe0828fa7b8f257cd", size = 11559211, upload-time = "2026-07-30T19:36:50.448Z" },
    { url = "https://files.pythonhosted.org/packages/fc/8a/fb22af2fd78a736e241fabf67e30ce1799a64244026377a49e133af90762/ruff-0.16.1-py3-none-win32.whl", hash = "sha256:d31765e131295b8445caf301e3e8a85b34d1b9b211b4109b7ba457888b051806", size = 10838258, upload-time = "2026-07-30T19:36:53.298Z" },
    { url = "https://files.pythonhosted.org/packages/d4/35/e57fd9fb5d423961df087a00b12d42c0a830288dc2f3b45ecca299158b4f/ruff-0.16.1-py3-none-win_amd64.whl", hash = "sha256:09b05e8b90c2cb06ad63464350e7a45e8e44a2dfe52072ebfba6666ca8d3f596", size = 11961111, upload-time = "2026-07-30T19:36:56.107Z" },
    { url = "https://files.pythonhosted.org/packages/cb/46/240ea004bf6dc4feb40e9832f2205a476a47dd5b8a3f8211a5fc5f95e20e/ruff-0.16.1-py3-none-win_arm64.whl", hash = "sha256:dbaadaac38c70239f056d306b7476f246b0bf000fa6b3876402acbf5b227eaf8", size = 11309414, upload-time = "2026-07-30T19:36:58.79Z" },
]

[[package]]
name = "uvicorn"
version = "0.52.1"
source = { registry = "https://pypi.org/simple" }
dependencies = [
    { name = "click" },
    { name = "h11" },
]
sdist = { url = "https://files.pythonhosted.org/packages/03/18/ccce41535dee1be77735592bd19965f3972c82e07ee703d324709496b716/uvicorn-0.52.1.tar.gz", hash = "sha256:112ec661814189acbccd3f7b86460147cc065fc92c0821afa78918780e4354dd", size = 100571, upload-time = "2026-08-01T18:19:30.732Z" }
wheels = [
    { url = "https://files.pythonhosted.org/packages/c7/d5/68e6e9bca63c0badf67002890a46d3784c958de45b65e1275ec583ca1f06/uvicorn-0.52.1-py3-none-any.whl", hash = "sha256:e4403f9d93188cf9d1088e9f40e3acd12630e2df8675316704379a7fc20fff6a", size = 79859, upload-time = "2026-08-01T18:19:29.294Z" },
]

[[package]]
name = "websockets"
version = "17.0.1"
source = { registry = "https://pypi.org/simple" }
sdist = { url = "https://files.pythonhosted.org/packages/f7/96/e01084f83a64bcb3a27994bd0cb0db68ff29d9c6707fae37ec19b18ba990/websockets-17.0.1.tar.gz", hash = "sha256:5baa9bc0dfbae8c507e51c8cf1b6d4628086f7a87bbd3a9952bd5f035451f1cc", size = 183298, upload-time = "2026-07-31T11:31:27.665Z" }
wheels = [
    { url = "https://files.pythonhosted.org/packages/98/dc/cadab608924ac605647031472fb1f8792d7d4ea07565ba1899ec42028e0d/websockets-17.0.1-cp314-cp314-macosx_10_15_universal2.whl", hash = "sha256:53b90c00bc6201ab6695c7ff51a04d0e425514c37515e9eeecd2c1b978ac6c0e", size = 212640, upload-time = "2026-07-31T11:30:22.436Z" },
    { url = "https://files.pythonhosted.org/packages/16/7a/b034d13ca181211bbd58bb50835cb196a7784cd505b5a2079d4d03374f9f/websockets-17.0.1-cp314-cp314-macosx_10_15_x86_64.whl", hash = "sha256:5f33a649bfcb8312524173cc4bbafa7dbb236e18eee9aa31a1d324ca0ddda28c", size = 210332, upload-time = "2026-07-31T11:30:23.608Z" },
    { url = "https://files.pythonhosted.org/packages/2f/4d/943ede39b53744768edf1ed84a3f9401527388228a3d6c1249c02c3d6bd7/websockets-17.0.1-cp314-cp314-macosx_11_0_arm64.whl", hash = "sha256:cddc675ec31bca65473321f9a9794e488b43b3b8de5d02c8ef4810c5d5792163", size = 210546, upload-time = "2026-07-31T11:30:24.932Z" },
    { url = "https://files.pythonhosted.org/packages/cf/e3/88dc159d2ae66743c669443246243f28d873b0c5e58271b8cc1ca0440334/websockets-17.0.1-cp314-cp314-manylinux1_i686.manylinux_2_28_i686.manylinux_2_5_i686.whl", hash = "sha256:b3ff0ad440ad52dda64138f16895f66403f40192365e39b1010e889f289746b0", size = 219928, upload-time = "2026-07-31T11:30:26.221Z" },
    { url = "https://files.pythonhosted.org/packages/fe/f2/ff27eaefa15851a5cf7f004ab827a022bf2d6632cb520f89cb100db7e84b/websockets-17.0.1-cp314-cp314-manylinux1_x86_64.manylinux_2_28_x86_64.manylinux_2_5_x86_64.whl", hash = "sha256:72d7f2a5aeb4e82daa4ee18f125b4277f427033359be5c745ad709608446cc2c", size = 220279, upload-time = "2026-07-31T11:30:27.49Z" },
    { url = "https://files.pythonhosted.org/packages/19/2e/a5166149f363d2449c1cb2dde6486a245521979509d53b87a09f3e79662b/websockets-17.0.1-cp314-cp314-manylinux2014_aarch64.manylinux_2_17_aarch64.manylinux_2_28_aarch64.whl", hash = "sha256:6fd88365da261c53d3e943fb37e0d0721b9cde119f6b2e3fc84369b6ab234d63", size = 221525, upload-time = "2026-07-31T11:30:28.872Z" },
    { url = "https://files.pythonhosted.org/packages/9b/b5/f46931269b3ff3bde65d27c65ddb22f9bb8ce92ac2c6c4df0910128f6219/websockets-17.0.1-cp314-cp314-manylinux2014_armv7l.manylinux_2_17_armv7l.manylinux_2_31_armv7l.whl", hash = "sha256:ab9f962a5b64a5c3c845d556b7dc4e6fb683f7b67179f8205e814bb2e0213ffe", size = 222897, upload-time = "2026-07-31T11:30:30.164Z" },
    { url = "https://files.pythonhosted.org/packages/42/f4/deccf3439f35df953ec35e13fe07986821c5f1ab5785d69614283bdb9034/websockets-17.0.1-cp314-cp314-manylinux2014_ppc64le.manylinux_2_17_ppc64le.manylinux_2_28_ppc64le.whl", hash = "sha256:8c07f145d0b9e90cbd96035f31fb79199aef4da1872854e36ebeb258e3d57594", size = 222129, upload-time = "2026-07-31T11:30:31.489Z" },
    { url = "https://files.pythonhosted.org/packages/35/a5/e1b57a59da92ade37fd021567a17b518ea8267b28e5530075844cdb525fe/websockets-17.0.1-cp314-cp314-manylinux2014_s390x.manylinux_2_17_s390x.manylinux_2_28_s390x.whl", hash = "sha256:9f7747d3daa41a11f25f7cca5dc988fc51da97b311bed4c9d843860f79779283", size = 220875, upload-time = "2026-07-31T11:30:32.805Z" },
    { url = "https://files.pythonhosted.org/packages/f0/30/e7d0889c790a854156de424575fd67af79ddbaed9ff3157ae863dfd1c1dc/websockets-17.0.1-cp314-cp314-manylinux_2_31_riscv64.manylinux_2_39_riscv64.whl", hash = "sha256:2abb1ba0a5133b7d2ef3c1c9f4b0c1e8a101012dce0b594ab2b2888d9a64820e", size = 218160, upload-time = "2026-07-31T11:30:34.512Z" },
    { url = "https://files.pythonhosted.org/packages/09/2e/43db785d6ed9ae7594fae7b62bbc9cb4dfee2b015e06a1005f1e5ce283b6/websockets-17.0.1-cp314-cp314-musllinux_1_2_aarch64.whl", hash = "sha256:f3fd9a1f87f8f0f3f8e9f9bd0195f7516562d13f5b178db8c5784d1f60b60bed", size = 220951, upload-time = "2026-07-31T11:30:35.806Z" },
    { url = "https://files.pythonhosted.org/packages/eb/f5/4ac3cab3d5e8a830657a822f64a8910e3803229c6783e59c3fd9a3487427/websockets-17.0.1-cp314-cp314-musllinux_1_2_armv7l.whl", hash = "sha256:2bc14b481e05e331811108daa1aeb41a5e237a5564ef2f02ec5a356a0f102f78", size = 219460, upload-time = "2026-07-31T11:30:37.273Z" },
    { url = "https://files.pythonhosted.org/packages/03/0e/c3a4020673ffc17c82cf1a467835038a196a555d3b4f2a50f0f063cf8ccc/websockets-17.0.1-cp314-cp314-musllinux_1_2_i686.whl", hash = "sha256:57d2ee9b24b404ce75f3814f92073c0ed88106c950148d2427fe8d25ca254d1f", size = 220248, upload-time = "2026-07-31T11:30:38.527Z" },
    { url = "https://files.pythonhosted.org/packages/7d/87/e47a6a278cc1dfade38444c893ce18322943c25d4b780a74450d9d164be1/websockets-17.0.1-cp314-cp314-musllinux_1_2_ppc64le.whl", hash = "sha256:1b363bfd72a52c0658a3154a4cff219f15a474b35a235057d38853bf151acce7", size = 221421, upload-time = "2026-07-31T11:30:39.879Z" },
    { url = "https://files.pythonhosted.org/packages/da/8f/473d5fc4e3836e375b0233c6ef26777e6e5e3f7bfc84ccd524eae4090ed5/websockets-17.0.1-cp314-cp314-musllinux_1_2_riscv64.whl", hash = "sha256:10b1587c599fa0f2c89154587c80e0fda98ade6c9fa8c0260a2823fb1800b685", size = 218975, upload-time = "2026-07-31T11:30:41.192Z" },
    { url = "https://files.pythonhosted.org/packages/d4/b9/819ec2dcdf69031d7e9cab11247f3a6ff9bbc8c7c53ada1dbcb9055b227b/websockets-17.0.1-cp314-cp314-musllinux_1_2_s390x.whl", hash = "sha256:d7d72843691f50b91127c50688df10cb72ec6f4c4b1d7e2c11ab33b16acf8e51", size = 219925, upload-time = "2026-07-31T11:30:42.524Z" },
    { url = "https://files.pythonhosted.org/packages/85/b9/6c0da301f6118502e079cf92f4e864adf28e56b3f8c0f6085076ced7b876/websockets-17.0.1-cp314-cp314-musllinux_1_2_x86_64.whl", hash = "sha256:90973a3a00f23afdfd1c9b06fb84289bf0220f247ef8a62501a1967c7af54f7b", size = 220218, upload-time = "2026-07-31T11:30:44.04Z" },
    { url = "https://files.pythonhosted.org/packages/55/f9/cba32dc9dd856565263d6272f594255bd0e2781deb8cd982c026a54760ad/websockets-17.0.1-cp314-cp314-win32.whl", hash = "sha256:599b03beb77633bffc095334338fad79cafc2b01fbd58953838130a9ae967d7b", size = 212626, upload-time = "2026-07-31T11:30:45.579Z" },
    { url = "https://files.pythonhosted.org/packages/fa/95/91cdd8c192287d7ea741f37cf7d64fdc1a14410f06f73805e428a1a590af/websockets-17.0.1-cp314-cp314-win_amd64.whl", hash = "sha256:81ce19c6046ace11da7001781be7317bb1dc389f399af4b2ed962190f76f9add", size = 212969, upload-time = "2026-07-31T11:30:46.983Z" },
    { url = "https://files.pythonhosted.org/packages/8e/fd/8c98a1e431960661c5769ab1a4dd66494e87ab02d791cc79e51e0d9a289f/websockets-17.0.1-cp314-cp314-win_arm64.whl", hash = "sha256:efe0ae052a8d023b87198921e8a7ce1dc7768816bcd2fbc20df171ac73a04891", size = 212850, upload-time = "2026-07-31T11:30:48.304Z" },
    { url = "https://files.pythonhosted.org/packages/13/c1/142f5186ee7dc3beee0426b998a79e223e067b7689afcaa95890d64aa800/websockets-17.0.1-cp314-cp314t-macosx_10_15_universal2.whl", hash = "sha256:ab56439c9f74c52770690c7b2f616b3bf775cb3920453ee355ac765c032d8bbf", size = 212967, upload-time = "2026-07-31T11:30:49.688Z" },
    { url = "https://files.pythonhosted.org/packages/02/de/4b03ed316c9dee180365286c298219809ff247be39beeaaf9958b21167ab/websockets-17.0.1-cp314-cp314t-macosx_10_15_x86_64.whl", hash = "sha256:20a92f78ac8250984ed459faa9ca48c285adbfc0038ddc3fdac6046990a9c9ed", size = 210504, upload-time = "2026-07-31T11:30:50.987Z" },
    { url = "https://files.pythonhosted.org/packages/cd/d8/ad2b3e8f867e1e8cac3077e2f33ffb60b71bd763d6cfc71bd916f113c3bf/websockets-17.0.1-cp314-cp314t-macosx_11_0_arm64.whl", hash = "sha256:6a434e59962a4fb9016bea327e1d14d6cd67670ecfb8942b4f4a0c24036634ce", size = 210702, upload-time = "2026-07-31T11:30:52.261Z" },
    { url = "https://files.pythonhosted.org/packages/48/18/7a77a82ce9d6f831c07b176da3942f7e71acd0f115f3ecdb1d00a040eb01/websockets-17.0.1-cp314-cp314t-manylinux1_i686.manylinux_2_28_i686.manylinux_2_5_i686.whl", hash = "sha256:2503c7e2a5049a12d5dac917a46d5d52591283a766165b8176bb167560421b38", size = 220290, upload-time = "2026-07-31T11:30:53.582Z" },
    { url = "https://files.pythonhosted.org/packages/f5/af/43c3e3c3ea7ba4693c2181743f3221957df28bededadcbd9fc8a0661bde0/websockets-17.0.1-cp314-cp314t-manylinux1_x86_64.manylinux_2_28_x86_64.manylinux_2_5_x86_64.whl", hash = "sha256:28012a54510fe8301bb893ef143cec30a2780a2d3bc20b7bbdf4379d7a63945d", size = 220573, upload-time = "2026-07-31T11:30:54.966Z" },
    { url = "https://files.pythonhosted.org/packages/1f/bd/ed48eca15725743ee7e2dc172e15c61de29e85ec98dace7b14257f366836/websockets-17.0.1-cp314-cp314t-manylinux2014_aarch64.manylinux_2_17_aarch64.manylinux_2_28_aarch64.whl", hash = "sha256:22bd00f8bae2bccdb5dbe41e20f58ba44ca9fff0b4b561aaf39099c35da762ed", size = 221747, upload-time = "2026-07-31T11:30:56.762Z" },
    { url = "https://files.pythonhosted.org/packages/99/50/838deb7937a8225c4925dd4a977eafea473fabf444178a99de0bc7e92bb0/websockets-17.0.1-cp314-cp314t-manylinux2014_armv7l.manylinux_2_17_armv7l.manylinux_2_31_armv7l.whl", hash = "sha256:e98ec9ec61cce5bc4b8b218322ad090b0994eb060bb04da704c62ef0a3d864e6", size = 223891, upload-time = "2026-07-31T11:30:58.127Z" },
    { url = "https://files.pythonhosted.org/packages/f8/e9/657fb70c6eb6bcd01adfa5d2b06496e9911e1c1a8813d353b8c00f7591cd/websockets-17.0.1-cp314-cp314t-manylinux2014_ppc64le.manylinux_2_17_ppc64le.manylinux_2_28_ppc64le.whl", hash = "sha256:8e387adb0c692c6b5571bdeafc8ac9d1901ea30f10309134780b16ecd35e6605", size = 222317, upload-time = "2026-07-31T11:30:59.416Z" },
    { url = "https://files.pythonhosted.org/packages/07/4c/82cb722afa5428fed981331210c4c07600570db01bb1620579f655b5adaf/websockets-17.0.1-cp314-cp314t-manylinux2014_s390x.manylinux_2_17_s390x.manylinux_2_28_s390x.whl", hash = "sha256:bd1470d2c53fe53269bf5619da7725d30dd9b9693f1689f7a85eab8dea734442", size = 221047, upload-time = "2026-07-31T11:31:00.757Z" },
    { url = "https://files.pythonhosted.org/packages/90/84/bd6d67d6bc65f0de0cb50de55dab42f256a9876a351c4736522eb168fda0/websockets-17.0.1-cp314-cp314t-manylinux_2_31_riscv64.manylinux_2_39_riscv64.whl", hash = "sha256:884af729b8ab50486acd94d9768c2b60914bf39b579ebba0a5cb73bfdfd61fd2", size = 218626, upload-time = "2026-07-31T11:31:02.48Z" },
    { url = "https://files.pythonhosted.org/packages/96/cb/6a372c8553976f0d8f97f5115826ed47e34b3be6b8bf0d0249af249a7416/websockets-17.0.1-cp314-cp314t-musllinux_1_2_aarch64.whl", hash = "sha256:a60fa1a25cca1bcc2bf87b8d6be37a741f0a3239fb5e9cfb7a37173b68ffcf87", size = 221299, upload-time = "2026-07-31T11:31:03.795Z" },
    { url = "https://files.pythonhosted.org/packages/bc/31/f966e8472337974f74d788b3ef6c6f3b8b9a5f201efd16a843c91d269fa5/websockets-17.0.1-cp314-cp314t-musllinux_1_2_armv7l.whl", hash = "sha256:e8208f2729cba030ff872a92064c97584eeb9502f53d32a05a0f05d5a17ca6c6", size = 219789, upload-time = "2026-07-31T11:31:05.08Z" },
    { url = "https://files.pythonhosted.org/packages/57/34/404e83a6cc7b0efcac810b7041bffd72ff76900e6fd0aa45a26c92fb2ffe/websockets-17.0.1-cp314-cp314t-musllinux_1_2_i686.whl", hash = "sha256:54cdcaa56f5d3eafd57058f0fa4a3de93a310b43a3c4699f06efc4c0bd054a5a", size = 220678, upload-time = "2026-07-31T11:31:06.635Z" },
    { url = "https://files.pythonhosted.org/packages/e5/70/8946188c2a68d67251859b589a3634918cf7867bf0b891347a5ecaa43d30/websockets-17.0.1-cp314-cp314t-musllinux_1_2_ppc64le.whl", hash = "sha256:4d41c0a1d47a478bc432b3b9068097bee1ce0c5b19327ea6f75c2ab34ab1f2fb", size = 221697, upload-time = "2026-07-31T11:31:08.023Z" },
    { url = "https://files.pythonhosted.org/packages/04/16/ee73fc2083a2938ac6209f4ec804960496835b20a0068dbcfe8424957c04/websockets-17.0.1-cp314-cp314t-musllinux_1_2_riscv64.whl", hash = "sha256:f991247276797d0c61ab7770bc9791eadc16f683b4d83517f624932adc1a8bab", size = 219390, upload-time = "2026-07-31T11:31:09.378Z" },
    { url = "https://files.pythonhosted.org/packages/94/6a/d5f88033c69932af6cdaa72da62516ade47c257e3bf69f4c0ba5f40e12a2/websockets-17.0.1-cp314-cp314t-musllinux_1_2_s390x.whl", hash = "sha256:733e3cc7171fa1b899edbe725ef9382d0e960657dc1fd933f3281ae910c01dab", size = 220161, upload-time = "2026-07-31T11:31:10.915Z" },
    { url = "https://files.pythonhosted.org/packages/e1/2e/6183dd2c0370287ecf4afe0bb33aca364208e5e7b0e1a286adcaecc0c78b/websockets-17.0.1-cp314-cp314t-musllinux_1_2_x86_64.whl", hash = "sha256:810cb3fb5fa6e447216f4e82d9a85cb8aed0929ae3538153ddfe8a6e3121a58d", size = 220591, upload-time = "2026-07-31T11:31:12.289Z" },
    { url = "https://files.pythonhosted.org/packages/26/93/70f6516d85b9744f7eac224c4b1b9ef4e84133f80b53be02080cb1c3e663/websockets-17.0.1-cp314-cp314t-win32.whl", hash = "sha256:17ac37716c0244e82c9e384c41653c090b1864c6610224ca3857e7f7b58fce10", size = 212755, upload-time = "2026-07-31T11:31:13.883Z" },
    { url = "https://files.pythonhosted.org/packages/f1/2c/9d9c1da5a7ea9af307b386d25f64d1dead4729644198d2b92e36db5dfd41/websockets-17.0.1-cp314-cp314t-win_amd64.whl", hash = "sha256:bb31f42ea095ea826463c770829aa188a86c9a5c976b1467cbbf583c811de833", size = 213094, upload-time = "2026-07-31T11:31:15.367Z" },
    { url = "https://files.pythonhosted.org/packages/5b/24/a585e7573e128070605d003b5544729bcd58d9756c7e99d550818ca4b916/websockets-17.0.1-cp314-cp314t-win_arm64.whl", hash = "sha256:dbfae8e75b342e31fc6fd1a8bbb393b7cbb91d6cfd581650300a94381e7b7e2b", size = 213009, upload-time = "2026-07-31T11:31:16.776Z" },
    { url = "https://files.pythonhosted.org/packages/09/ce/3929538b2b9918f5eee623fbf3346893973191f6df93f19bbda097bd7bb7/websockets-17.0.1-py3-none-any.whl", hash = "sha256:c6be9cba65c65cc76dfa3d4619e359ff02a4476c74e179b215236c11a0b32345", size = 206718, upload-time = "2026-07-31T11:31:26.037Z" },
]

[[package]]
name = "wsproto"
version = "1.3.2"
source = { registry = "https://pypi.org/simple" }
dependencies = [
    { name = "h11" },
]
sdist = { url = "https://files.pythonhosted.org/packages/c7/79/12135bdf8b9c9367b8701c2c19a14c913c120b882d50b014ca0d38083c2c/wsproto-1.3.2.tar.gz", hash = "sha256:b86885dcf294e15204919950f666e06ffc6c7c114ca900b060d6e16293528294", size = 50116, upload-time = "2025-11-20T18:18:01.871Z" }
wheels = [
    { url = "https://files.pythonhosted.org/packages/a4/f5/10b68b7b1544245097b2a1b8238f66f2fc6dcaeb24ba5d917f52bd2eed4f/wsproto-1.3.2-py3-none-any.whl", hash = "sha256:61eea322cdf56e8cc904bd3ad7573359a242ba65688716b0710a5eb12beab584", size = 24405, upload-time = "2025-11-20T18:18:00.454Z" },
]
